
Microsoft Visual Studio Solution File, Format Version 12.00
# Visual Studio Version 17
VisualStudioVersion = 17.10.34928.147
MinimumVisualStudioVersion = 10.0.40219.1
Project("{FAE04EC0-301F-11D3-BF4B-00C04F79EFBC}") = "Practic25.09.2024", "Practic25.09.2024\Practic25.09.2024.csproj", "{1DC5EAF7-E1CE-495D-9D8E-E9CB0866CA6A}"
EndProject
Global
	GlobalSection(SolutionConfigurationPlatforms) = preSolution
		Debug|Any CPU = Debug|Any CPU
		Release|Any CPU = Release|Any CPU
	EndGlobalSection
	GlobalSection(ProjectConfigurationPlatforms) = postSolution
		{1DC5EAF7-E1CE-495D-9D8E-E9CB0866CA6A}.Debug|Any CPU.ActiveCfg = Debug|Any CPU
		{1DC5EAF7-E1CE-495D-9D8E-E9CB0866CA6A}.Debug|Any CPU.Build.0 = Debug|Any CPU
		{1DC5EAF7-E1CE-495D-9D8E-E9CB0866CA6A}.Release|Any CPU.ActiveCfg = Release|Any CPU
		{1DC5EAF7-E1CE-495D-9D8E-E9CB0866CA6A}.Release|Any CPU.Build.0 = Release|Any CPU
	EndGlobalSection
	GlobalSection(SolutionProperties) = preSolution
		HideSolutionNode = FALSE
	EndGlobalSection
	GlobalSection(ExtensibilityGlobals) = postSolution
		SolutionGuid = {5D9D5CBC-647F-4B67-A44D-344B39597A76}
	EndGlobalSection
EndGlobal
